
Microsoft Visual Studio Solution File, Format Version 12.00
# Visual Studio Version 17
VisualStudioVersion = 17.6.33815.320
MinimumVisualStudioVersion = 10.0.40219.1
Project("{FAE04EC0-301F-11D3-BF4B-00C04F79EFBC}") = "DestroyWeaponMod", "DestroyWeaponMod.csproj", "{5361093B-8BC3-49D6-9197-C62EDEFB62CD}"
EndProject
Global
	GlobalSection(SolutionConfigurationPlatforms) = preSolution
		Debug|Any CPU = Debug|Any CPU
		Release|Any CPU = Release|Any CPU
	EndGlobalSection
	GlobalSection(ProjectConfigurationPlatforms) = postSolution
		{5361093B-8BC3-49D6-9197-C62EDEFB62CD}.Debug|Any CPU.ActiveCfg = Debug|Any CPU
		{5361093B-8BC3-49D6-9197-C62EDEFB62CD}.Debug|Any CPU.Build.0 = Debug|Any CPU
		{5361093B-8BC3-49D6-9197-C62EDEFB62CD}.Release|Any CPU.ActiveCfg = Release|Any CPU
		{5361093B-8BC3-49D6-9197-C62EDEFB62CD}.Release|Any CPU.Build.0 = Release|Any CPU
	EndGlobalSection
	GlobalSection(SolutionProperties) = preSolution
		HideSolutionNode = FALSE
	EndGlobalSection
	GlobalSection(ExtensibilityGlobals) = postSolution
		SolutionGuid = {018F895C-7367-4A97-8DBD-F60DB10A7F10}
	EndGlobalSection
EndGlobal
